// !$*UTF8*$!
{
	archiveVersion = 1;
	classes = {
	};
	objectVersion = 56;
	objects = {

/* Begin PBXBuildFile section */
		5228F1B729B2298A00D823A9 /* BobbleView.swift in Sources */ = {isa = PBXBuildFile; fileRef = 5228F1B629B2298A00D823A9 /* BobbleView.swift */; };
		5229AFBC29B73B9300DBD621 /* CaptionedPhoto.swift in Sources */ = {isa = PBXBuildFile; fileRef = 5229AFBB29B73B9300DBD621 /* CaptionedPhoto.swift */; };
		5229AFBE29B7454000DBD621 /* IfElseTrain.swift in Sources */ = {isa = PBXBuildFile; fileRef = 5229AFBD29B7454000DBD621 /* IfElseTrain.swift */; };
		5229AFC029B747EC00DBD621 /* AdaptableViews.swift in Sources */ = {isa = PBXBuildFile; fileRef = 5229AFBF29B747EC00DBD621 /* AdaptableViews.swift */; };
		523928CD29A7825A00AF1E77 /* intro_appApp.swift in Sources */ = {isa = PBXBuildFile; fileRef = 523928CC29A7825A00AF1E77 /* intro_appApp.swift */; };
		523928CF29A7825A00AF1E77 /* ContentView.swift in Sources */ = {isa = PBXBuildFile; fileRef = 523928CE29A7825A00AF1E77 /* ContentView.swift */; };
		523928D129A7825B00AF1E77 /* Assets.xcassets in Resources */ = {isa = PBXBuildFile; fileRef = 523928D029A7825B00AF1E77 /* Assets.xcassets */; };
		523928D429A7825B00AF1E77 /* Preview Assets.xcassets in Resources */ = {isa = PBXBuildFile; fileRef = 523928D329A7825B00AF1E77 /* Preview Assets.xcassets */; };
		523928DE29A7825C00AF1E77 /* intro_appTests.swift in Sources */ = {isa = PBXBuildFile; fileRef = 523928DD29A7825C00AF1E77 /* intro_appTests.swift */; };
		523928E829A7825C00AF1E77 /* intro_appUITests.swift in Sources */ = {isa = PBXBuildFile; fileRef = 523928E729A7825C00AF1E77 /* intro_appUITests.swift */; };
		523928EA29A7825C00AF1E77 /* intro_appUITestsLaunchTests.swift in Sources */ = {isa = PBXBuildFile; fileRef = 523928E929A7825C00AF1E77 /* intro_appUITestsLaunchTests.swift */; };
		52E1A44429AB8EC700DA2A52 /* ItemView.swift in Sources */ = {isa = PBXBuildFile; fileRef = 52E1A44329AB8EC700DA2A52 /* ItemView.swift */; };
		52E1A44629AB8EFA00DA2A52 /* SettingView.swift in Sources */ = {isa = PBXBuildFile; fileRef = 52E1A44529AB8EFA00DA2A52 /* SettingView.swift */; };
		52E1A44829AB94D100DA2A52 /* CustomScene.swift in Sources */ = {isa = PBXBuildFile; fileRef = 52E1A44729AB94D100DA2A52 /* CustomScene.swift */; };
/* End PBXBuildFile section */

/* Begin PBXContainerItemProxy section */
		523928DA29A7825C00AF1E77 /* PBXContainerItemProxy */ = {
			isa = PBXContainerItemProxy;
			containerPortal = 523928C129A7825A00AF1E77 /* Project object */;
			proxyType = 1;
			remoteGlobalIDString = 523928C829A7825A00AF1E77;
			remoteInfo = "intro-app";
		};
		523928E429A7825C00AF1E77 /* PBXContainerItemProxy */ = {
			isa = PBXContainerItemProxy;
			containerPortal = 523928C129A7825A00AF1E77 /* Project object */;
			proxyType = 1;
			remoteGlobalIDString = 523928C829A7825A00AF1E77;
			remoteInfo = "intro-app";
		};
/* End PBXContainerItemProxy section */

/* Begin PBXFileReference section */
		5228F1B629B2298A00D823A9 /* BobbleView.swift */ = {isa = PBXFileReference; lastKnownFileType = sourcecode.swift; path = BobbleView.swift; sourceTree = "<group>"; };
		5229AFBB29B73B9300DBD621 /* CaptionedPhoto.swift */ = {isa = PBXFileReference; lastKnownFileType = sourcecode.swift; path = CaptionedPhoto.swift; sourceTree = "<group>"; };
		5229AFBD29B7454000DBD621 /* IfElseTrain.swift */ = {isa = PBXFileReference; lastKnownFileType = sourcecode.swift; path = IfElseTrain.swift; sourceTree = "<group>"; };
		5229AFBF29B747EC00DBD621 /* AdaptableViews.swift */ = {isa = PBXFileReference; lastKnownFileType = sourcecode.swift; path = AdaptableViews.swift; sourceTree = "<group>"; };
		523928C929A7825A00AF1E77 /* intro-app.app */ = {isa = PBXFileReference; explicitFileType = wrapper.application; includeInIndex = 0; path = "intro-app.app"; sourceTree = BUILT_PRODUCTS_DIR; };
		523928CC29A7825A00AF1E77 /* intro_appApp.swift */ = {isa = PBXFileReference; lastKnownFileType = sourcecode.swift; path = intro_appApp.swift; sourceTree = "<group>"; };
		523928CE29A7825A00AF1E77 /* ContentView.swift */ = {isa = PBXFileReference; lastKnownFileType = sourcecode.swift; path = ContentView.swift; sourceTree = "<group>"; };
		523928D029A7825B00AF1E77 /* Assets.xcassets */ = {isa = PBXFileReference; lastKnownFileType = folder.assetcatalog; path = Assets.xcassets; sourceTree = "<group>"; };
		523928D329A7825B00AF1E77 /* Preview Assets.xcassets */ = {isa = PBXFileReference; lastKnownFileType = folder.assetcatalog; path = "Preview Assets.xcassets"; sourceTree = "<group>"; };
		523928D929A7825C00AF1E77 /* intro-appTests.xctest */ = {isa = PBXFileReference; explicitFileType = wrapper.cfbundle; includeInIndex = 0; path = "intro-appTests.xctest"; sourceTree = BUILT_PRODUCTS_DIR; };
		523928DD29A7825C00AF1E77 /* intro_appTests.swift */ = {isa = PBXFileReference; lastKnownFileType = sourcecode.swift; path = intro_appTests.swift; sourceTree = "<group>"; };
		523928E329A7825C00AF1E77 /* intro-appUITests.xctest */ = {isa = PBXFileReference; explicitFileType = wrapper.cfbundle; includeInIndex = 0; path = "intro-appUITests.xctest"; sourceTree = BUILT_PRODUCTS_DIR; };
		523928E729A7825C00AF1E77 /* intro_appUITests.swift */ = {isa = PBXFileReference; lastKnownFileType = sourcecode.swift; path = intro_appUITests.swift; sourceTree = "<group>"; };
		523928E929A7825C00AF1E77 /* intro_appUITestsLaunchTests.swift */ = {isa = PBXFileReference; lastKnownFileType = sourcecode.swift; path = intro_appUITestsLaunchTests.swift; sourceTree = "<group>"; };
		52E1A44329AB8EC700DA2A52 /* ItemView.swift */ = {isa = PBXFileReference; lastKnownFileType = sourcecode.swift; path = ItemView.swift; sourceTree = "<group>"; };
		52E1A44529AB8EFA00DA2A52 /* SettingView.swift */ = {isa = PBXFileReference; lastKnownFileType = sourcecode.swift; path = SettingView.swift; sourceTree = "<group>"; };
		52E1A44729AB94D100DA2A52 /* CustomScene.swift */ = {isa = PBXFileReference; lastKnownFileType = sourcecode.swift; path = CustomScene.swift; sourceTree = "<group>"; };
/* End PBXFileReference section */

/* Begin PBXFrameworksBuildPhase section */
		523928C629A7825A00AF1E77 /* Frameworks */ = {
			isa = PBXFrameworksBuildPhase;
			buildActionMask = 2147483647;
			files = (
			);
			runOnlyForDeploymentPostprocessing = 0;
		};
		523928D629A7825C00AF1E77 /* Frameworks */ = {
			isa = PBXFrameworksBuildPhase;
			buildActionMask = 2147483647;
			files = (
			);
			runOnlyForDeploymentPostprocessing = 0;
		};
		523928E029A7825C00AF1E77 /* Frameworks */ = {
			isa = PBXFrameworksBuildPhase;
			buildActionMask = 2147483647;
			files = (
			);
			runOnlyForDeploymentPostprocessing = 0;
		};
/* End PBXFrameworksBuildPhase section */

/* Begin PBXGroup section */
		523928C029A7825A00AF1E77 = {
			isa = PBXGroup;
			children = (
				523928CB29A7825A00AF1E77 /* intro-app */,
				523928DC29A7825C00AF1E77 /* intro-appTests */,
				523928E629A7825C00AF1E77 /* intro-appUITests */,
				523928CA29A7825A00AF1E77 /* Products */,
			);
			sourceTree = "<group>";
		};
		523928CA29A7825A00AF1E77 /* Products */ = {
			isa = PBXGroup;
			children = (
				523928C929A7825A00AF1E77 /* intro-app.app */,
				523928D929A7825C00AF1E77 /* intro-appTests.xctest */,
				523928E329A7825C00AF1E77 /* intro-appUITests.xctest */,
			);
			name = Products;
			sourceTree = "<group>";
		};
		523928CB29A7825A00AF1E77 /* intro-app */ = {
			isa = PBXGroup;
			children = (
				523928CC29A7825A00AF1E77 /* intro_appApp.swift */,
				52E1A44729AB94D100DA2A52 /* CustomScene.swift */,
				523928CE29A7825A00AF1E77 /* ContentView.swift */,
				5228F1B629B2298A00D823A9 /* BobbleView.swift */,
				52E1A44329AB8EC700DA2A52 /* ItemView.swift */,
				52E1A44529AB8EFA00DA2A52 /* SettingView.swift */,
				523928D029A7825B00AF1E77 /* Assets.xcassets */,
				523928D229A7825B00AF1E77 /* Preview Content */,
				5229AFBB29B73B9300DBD621 /* CaptionedPhoto.swift */,
				5229AFBD29B7454000DBD621 /* IfElseTrain.swift */,
				5229AFBF29B747EC00DBD621 /* AdaptableViews.swift */,
			);
			path = "intro-app";
			sourceTree = "<group>";
		};
		523928D229A7825B00AF1E77 /* Preview Content */ = {
			isa = PBXGroup;
			children = (
				523928D329A7825B00AF1E77 /* Preview Assets.xcassets */,
			);
			path = "Preview Content";
			sourceTree = "<group>";
		};
		523928DC29A7825C00AF1E77 /* intro-appTests */ = {
			isa = PBXGroup;
			children = (
				523928DD29A7825C00AF1E77 /* intro_appTests.swift */,
			);
			path = "intro-appTests";
			sourceTree = "<group>";
		};
		523928E629A7825C00AF1E77 /* intro-appUITests */ = {
			isa = PBXGroup;
			children = (
				523928E729A7825C00AF1E77 /* intro_appUITests.swift */,
				523928E929A7825C00AF1E77 /* intro_appUITestsLaunchTests.swift */,
			);
			path = "intro-appUITests";
			sourceTree = "<group>";
		};
/* End PBXGroup section */

/* Begin PBXNativeTarget section */
		523928C829A7825A00AF1E77 /* intro-app */ = {
			isa = PBXNativeTarget;
			buildConfigurationList = 523928ED29A7825C00AF1E77 /* Build configuration list for PBXNativeTarget "intro-app" */;
			buildPhases = (
				523928C529A7825A00AF1E77 /* Sources */,
				523928C629A7825A00AF1E77 /* Frameworks */,
				523928C729A7825A00AF1E77 /* Resources */,
			);
			buildRules = (
			);
			dependencies = (
			);
			name = "intro-app";
			productName = "intro-app";
			productReference = 523928C929A7825A00AF1E77 /* intro-app.app */;
			productType = "com.apple.product-type.application";
		};
		523928D829A7825C00AF1E77 /* intro-appTests */ = {
			isa = PBXNativeTarget;
			buildConfigurationList = 523928F029A7825C00AF1E77 /* Build configuration list for PBXNativeTarget "intro-appTests" */;
			buildPhases = (
				523928D529A7825C00AF1E77 /* Sources */,
				523928D629A7825C00AF1E77 /* Frameworks */,
				523928D729A7825C00AF1E77 /* Resources */,
			);
			buildRules = (
			);
			dependencies = (
				523928DB29A7825C00AF1E77 /* PBXTargetDependency */,
			);
			name = "intro-appTests";
			productName = "intro-appTests";
			productReference = 523928D929A7825C00AF1E77 /* intro-appTests.xctest */;
			productType = "com.apple.product-type.bundle.unit-test";
		};
		523928E229A7825C00AF1E77 /* intro-appUITests */ = {
			isa = PBXNativeTarget;
			buildConfigurationList = 523928F329A7825C00AF1E77 /* Build configuration list for PBXNativeTarget "intro-appUITests" */;
			buildPhases = (
				523928DF29A7825C00AF1E77 /* Sources */,
				523928E029A7825C00AF1E77 /* Frameworks */,
				523928E129A7825C00AF1E77 /* Resources */,
			);
			buildRules = (
			);
			dependencies = (
				523928E529A7825C00AF1E77 /* PBXTargetDependency */,
			);
			name = "intro-appUITests";
			productName = "intro-appUITests";
			productReference = 523928E329A7825C00AF1E77 /* intro-appUITests.xctest */;
			productType = "com.apple.product-type.bundle.ui-testing";
		};
/* End PBXNativeTarget section */

/* Begin PBXProject section */
		523928C129A7825A00AF1E77 /* Project object */ = {
			isa = PBXProject;
			attributes = {
				BuildIndependentTargetsInParallel = 1;
				LastSwiftUpdateCheck = 1410;
				LastUpgradeCheck = 1410;
				TargetAttributes = {
					523928C829A7825A00AF1E77 = {
						CreatedOnToolsVersion = 14.1;
					};
					523928D829A7825C00AF1E77 = {
						CreatedOnToolsVersion = 14.1;
						TestTargetID = 523928C829A7825A00AF1E77;
					};
					523928E229A7825C00AF1E77 = {
						CreatedOnToolsVersion = 14.1;
						TestTargetID = 523928C829A7825A00AF1E77;
					};
				};
			};
			buildConfigurationList = 523928C429A7825A00AF1E77 /* Build configuration list for PBXProject "intro-app" */;
			compatibilityVersion = "Xcode 14.0";
			developmentRegion = en;
			hasScannedForEncodings = 0;
			knownRegions = (
				en,
				Base,
			);
			mainGroup = 523928C029A7825A00AF1E77;
			productRefGroup = 523928CA29A7825A00AF1E77 /* Products */;
			projectDirPath = "";
			projectRoot = "";
			targets = (
				523928C829A7825A00AF1E77 /* intro-app */,
				523928D829A7825C00AF1E77 /* intro-appTests */,
				523928E229A7825C00AF1E77 /* intro-appUITests */,
			);
		};
/* End PBXProject section */

/* Begin PBXResourcesBuildPhase section */
		523928C729A7825A00AF1E77 /* Resources */ = {
			isa = PBXResourcesBuildPhase;
			buildActionMask = 2147483647;
			files = (
				523928D429A7825B00AF1E77 /* Preview Assets.xcassets in Resources */,
				523928D129A7825B00AF1E77 /* Assets.xcassets in Resources */,
			);
			runOnlyForDeploymentPostprocessing = 0;
		};
		523928D729A7825C00AF1E77 /* Resources */ = {
			isa = PBXResourcesBuildPhase;
			buildActionMask = 2147483647;
			files = (
			);
			runOnlyForDeploymentPostprocessing = 0;
		};
		523928E129A7825C00AF1E77 /* Resources */ = {
			isa = PBXResourcesBuildPhase;
			buildActionMask = 2147483647;
			files = (
			);
			runOnlyForDeploymentPostprocessing = 0;
		};
/* End PBXResourcesBuildPhase section */

/* Begin PBXSourcesBuildPhase section */
		523928C529A7825A00AF1E77 /* Sources */ = {
			isa = PBXSourcesBuildPhase;
			buildActionMask = 2147483647;
			files = (
				523928CF29A7825A00AF1E77 /* ContentView.swift in Sources */,
				5229AFC029B747EC00DBD621 /* AdaptableViews.swift in Sources */,
				52E1A44629AB8EFA00DA2A52 /* SettingView.swift in Sources */,
				5229AFBE29B7454000DBD621 /* IfElseTrain.swift in Sources */,
				5228F1B729B2298A00D823A9 /* BobbleView.swift in Sources */,
				52E1A44829AB94D100DA2A52 /* CustomScene.swift in Sources */,
				52E1A44429AB8EC700DA2A52 /* ItemView.swift in Sources */,
				5229AFBC29B73B9300DBD621 /* CaptionedPhoto.swift in Sources */,
				523928CD29A7825A00AF1E77 /* intro_appApp.swift in Sources */,
			);
			runOnlyForDeploymentPostprocessing = 0;
		};
		523928D529A7825C00AF1E77 /* Sources */ = {
			isa = PBXSourcesBuildPhase;
			buildActionMask = 2147483647;
			files = (
				523928DE29A7825C00AF1E77 /* intro_appTests.swift in Sources */,
			);
			runOnlyForDeploymentPostprocessing = 0;
		};
		523928DF29A7825C00AF1E77 /* Sources */ = {
			isa = PBXSourcesBuildPhase;
			buildActionMask = 2147483647;
			files = (
				523928E829A7825C00AF1E77 /* intro_appUITests.swift in Sources */,
				523928EA29A7825C00AF1E77 /* intro_appUITestsLaunchTests.swift in Sources */,
			);
			runOnlyForDeploymentPostprocessing = 0;
		};
/* End PBXSourcesBuildPhase section */

/* Begin PBXTargetDependency section */
		523928DB29A7825C00AF1E77 /* PBXTargetDependency */ = {
			isa = PBXTargetDependency;
			target = 523928C829A7825A00AF1E77 /* intro-app */;
			targetProxy = 523928DA29A7825C00AF1E77 /* PBXContainerItemProxy */;
		};
		523928E529A7825C00AF1E77 /* PBXTargetDependency */ = {
			isa = PBXTargetDependency;
			target = 523928C829A7825A00AF1E77 /* intro-app */;
			targetProxy = 523928E429A7825C00AF1E77 /* PBXContainerItemProxy */;
		};
/* End PBXTargetDependency section */

/* Begin XCBuildConfiguration section */
		523928EB29A7825C00AF1E77 /* Debug */ = {
			isa = XCBuildConfiguration;
			buildSettings = {
				ALWAYS_SEARCH_USER_PATHS = NO;
				CLANG_ANALYZER_NONNULL = YES;
				CLANG_ANALYZER_NUMBER_OBJECT_CONVERSION = YES_AGGRESSIVE;
				CLANG_CXX_LANGUAGE_STANDARD = "gnu++20";
				CLANG_ENABLE_MODULES = YES;
				CLANG_ENABLE_OBJC_ARC = YES;
				CLANG_ENABLE_OBJC_WEAK = YES;
				CLANG_WARN_BLOCK_CAPTURE_AUTORELEASING = YES;
				CLANG_WARN_BOOL_CONVERSION = YES;
				CLANG_WARN_COMMA = YES;
				CLANG_WARN_CONSTANT_CONVERSION = YES;
				CLANG_WARN_DEPRECATED_OBJC_IMPLEMENTATIONS = YES;
				CLANG_WARN_DIRECT_OBJC_ISA_USAGE = YES_ERROR;
				CLANG_WARN_DOCUMENTATION_COMMENTS = YES;
				CLANG_WARN_EMPTY_BODY = YES;
				CLANG_WARN_ENUM_CONVERSION = YES;
				CLANG_WARN_INFINITE_RECURSION = YES;
				CLANG_WARN_INT_CONVERSION = YES;
				CLANG_WARN_NON_LITERAL_NULL_CONVERSION = YES;
				CLANG_WARN_OBJC_IMPLICIT_RETAIN_SELF = YES;
				CLANG_WARN_OBJC_LITERAL_CONVERSION = YES;
				CLANG_WARN_OBJC_ROOT_CLASS = YES_ERROR;
				CLANG_WARN_QUOTED_INCLUDE_IN_FRAMEWORK_HEADER = YES;
				CLANG_WARN_RANGE_LOOP_ANALYSIS = YES;
				CLANG_WARN_STRICT_PROTOTYPES = YES;
				CLANG_WARN_SUSPICIOUS_MOVE = YES;
				CLANG_WARN_UNGUARDED_AVAILABILITY = YES_AGGRESSIVE;
				CLANG_WARN_UNREACHABLE_CODE = YES;
				CLANG_WARN__DUPLICATE_METHOD_MATCH = YES;
				COPY_PHASE_STRIP = NO;
				DEBUG_INFORMATION_FORMAT = dwarf;
				ENABLE_STRICT_OBJC_MSGSEND = YES;
				ENABLE_TESTABILITY = YES;
				GCC_C_LANGUAGE_STANDARD = gnu11;
				GCC_DYNAMIC_NO_PIC = NO;
				GCC_NO_COMMON_BLOCKS = YES;
				GCC_OPTIMIZATION_LEVEL = 0;
				GCC_PREPROCESSOR_DEFINITIONS = (
					"DEBUG=1",
					"$(inherited)",
				);
				GCC_WARN_64_TO_32_BIT_CONVERSION = YES;
				GCC_WARN_ABOUT_RETURN_TYPE = YES_ERROR;
				GCC_WARN_UNDECLARED_SELECTOR = YES;
				GCC_WARN_UNINITIALIZED_AUTOS = YES_AGGRESSIVE;
				GCC_WARN_UNUSED_FUNCTION = YES;
				GCC_WARN_UNUSED_VARIABLE = YES;
				IPHONEOS_DEPLOYMENT_TARGET = 16.1;
				MTL_ENABLE_DEBUG_INFO = INCLUDE_SOURCE;
				MTL_FAST_MATH = YES;
				ONLY_ACTIVE_ARCH = YES;
				SDKROOT = iphoneos;
				SWIFT_ACTIVE_COMPILATION_CONDITIONS = DEBUG;
				SWIFT_OPTIMIZATION_LEVEL = "-Onone";
			};
			name = Debug;
		};
		523928EC29A7825C00AF1E77 /* Release */ = {
			isa = XCBuildConfiguration;
			buildSettings = {
				ALWAYS_SEARCH_USER_PATHS = NO;
				CLANG_ANALYZER_NONNULL = YES;
				CLANG_ANALYZER_NUMBER_OBJECT_CONVERSION = YES_AGGRESSIVE;
				CLANG_CXX_LANGUAGE_STANDARD = "gnu++20";
				CLANG_ENABLE_MODULES = YES;
				CLANG_ENABLE_OBJC_ARC = YES;
				CLANG_ENABLE_OBJC_WEAK = YES;
				CLANG_WARN_BLOCK_CAPTURE_AUTORELEASING = YES;
				CLANG_WARN_BOOL_CONVERSION = YES;
				CLANG_WARN_COMMA = YES;
				CLANG_WARN_CONSTANT_CONVERSION = YES;
				CLANG_WARN_DEPRECATED_OBJC_IMPLEMENTATIONS = YES;
				CLANG_WARN_DIRECT_OBJC_ISA_USAGE = YES_ERROR;
				CLANG_WARN_DOCUMENTATION_COMMENTS = YES;
				CLANG_WARN_EMPTY_BODY = YES;
				CLANG_WARN_ENUM_CONVERSION = YES;
				CLANG_WARN_INFINITE_RECURSION = YES;
				CLANG_WARN_INT_CONVERSION = YES;
				CLANG_WARN_NON_LITERAL_NULL_CONVERSION = YES;
				CLANG_WARN_OBJC_IMPLICIT_RETAIN_SELF = YES;
				CLANG_WARN_OBJC_LITERAL_CONVERSION = YES;
				CLANG_WARN_OBJC_ROOT_CLASS = YES_ERROR;
				CLANG_WARN_QUOTED_INCLUDE_IN_FRAMEWORK_HEADER = YES;
				CLANG_WARN_RANGE_LOOP_ANALYSIS = YES;
				CLANG_WARN_STRICT_PROTOTYPES = YES;
				CLANG_WARN_SUSPICIOUS_MOVE = YES;
				CLANG_WARN_UNGUARDED_AVAILABILITY = YES_AGGRESSIVE;
				CLANG_WARN_UNREACHABLE_CODE = YES;
				CLANG_WARN__DUPLICATE_METHOD_MATCH = YES;
				COPY_PHASE_STRIP = NO;
				DEBUG_INFORMATION_FORMAT = "dwarf-with-dsym";
				ENABLE_NS_ASSERTIONS = NO;
				ENABLE_STRICT_OBJC_MSGSEND = YES;
				GCC_C_LANGUAGE_STANDARD = gnu11;
				GCC_NO_COMMON_BLOCKS = YES;
				GCC_WARN_64_TO_32_BIT_CONVERSION = YES;
				GCC_WARN_ABOUT_RETURN_TYPE = YES_ERROR;
				GCC_WARN_UNDECLARED_SELECTOR = YES;
				GCC_WARN_UNINITIALIZED_AUTOS = YES_AGGRESSIVE;
				GCC_WARN_UNUSED_FUNCTION = YES;
				GCC_WARN_UNUSED_VARIABLE = YES;
				IPHONEOS_DEPLOYMENT_TARGET = 16.1;
				MTL_ENABLE_DEBUG_INFO = NO;
				MTL_FAST_MATH = YES;
				SDKROOT = iphoneos;
				SWIFT_COMPILATION_MODE = wholemodule;
				SWIFT_OPTIMIZATION_LEVEL = "-O";
				VALIDATE_PRODUCT = YES;
			};
			name = Release;
		};
		523928EE29A7825C00AF1E77 /* Debug */ = {
			isa = XCBuildConfiguration;
			buildSettings = {
				ASSETCATALOG_COMPILER_APPICON_NAME = AppIcon;
				ASSETCATALOG_COMPILER_GLOBAL_ACCENT_COLOR_NAME = AccentColor;
				CODE_SIGN_STYLE = Automatic;
				CURRENT_PROJECT_VERSION = 1;
				DEVELOPMENT_ASSET_PATHS = "\"intro-app/Preview Content\"";
				ENABLE_PREVIEWS = YES;
				GENERATE_INFOPLIST_FILE = YES;
				INFOPLIST_KEY_UIApplicationSceneManifest_Generation = YES;
				INFOPLIST_KEY_UIApplicationSupportsIndirectInputEvents = YES;
				INFOPLIST_KEY_UILaunchScreen_Generation = YES;
				INFOPLIST_KEY_UISupportedInterfaceOrientations_iPad = "UIInterfaceOrientationPortrait UIInterfaceOrientationPortraitUpsideDown UIInterfaceOrientationLandscapeLeft UIInterfaceOrientationLandscapeRight";
				INFOPLIST_KEY_UISupportedInterfaceOrientations_iPhone = "UIInterfaceOrientationPortrait UIInterfaceOrientationLandscapeLeft UIInterfaceOrientationLandscapeRight";
				LD_RUNPATH_SEARCH_PATHS = (
					"$(inherited)",
					"@executable_path/Frameworks",
				);
				MARKETING_VERSION = 1.0;
				PRODUCT_BUNDLE_IDENTIFIER = "taloases.intro-app";
				PRODUCT_NAME = "$(TARGET_NAME)";
				SWIFT_EMIT_LOC_STRINGS = YES;
				SWIFT_VERSION = 5.0;
				TARGETED_DEVICE_FAMILY = "1,2";
			};
			name = Debug;
		};
		523928EF29A7825C00AF1E77 /* Release */ = {
			isa = XCBuildConfiguration;
			buildSettings = {
				ASSETCATALOG_COMPILER_APPICON_NAME = AppIcon;
				ASSETCATALOG_COMPILER_GLOBAL_ACCENT_COLOR_NAME = AccentColor;
				CODE_SIGN_STYLE = Automatic;
				CURRENT_PROJECT_VERSION = 1;
				DEVELOPMENT_ASSET_PATHS = "\"intro-app/Preview Content\"";
				ENABLE_PREVIEWS = YES;
				GENERATE_INFOPLIST_FILE = YES;
				INFOPLIST_KEY_UIApplicationSceneManifest_Generation = YES;
				INFOPLIST_KEY_UIApplicationSupportsIndirectInputEvents = YES;
				INFOPLIST_KEY_UILaunchScreen_Generation = YES;
				INFOPLIST_KEY_UISupportedInterfaceOrientations_iPad = "UIInterfaceOrientationPortrait UIInterfaceOrientationPortraitUpsideDown UIInterfaceOrientationLandscapeLeft UIInterfaceOrientationLandscapeRight";
				INFOPLIST_KEY_UISupportedInterfaceOrientations_iPhone = "UIInterfaceOrientationPortrait UIInterfaceOrientationLandscapeLeft UIInterfaceOrientationLandscapeRight";
				LD_RUNPATH_SEARCH_PATHS = (
					"$(inherited)",
					"@executable_path/Frameworks",
				);
				MARKETING_VERSION = 1.0;
				PRODUCT_BUNDLE_IDENTIFIER = "taloases.intro-app";
				PRODUCT_NAME = "$(TARGET_NAME)";
				SWIFT_EMIT_LOC_STRINGS = YES;
				SWIFT_VERSION = 5.0;
				TARGETED_DEVICE_FAMILY = "1,2";
			};
			name = Release;
		};
		523928F129A7825C00AF1E77 /* Debug */ = {
			isa = XCBuildConfiguration;
			buildSettings = {
				ALWAYS_EMBED_SWIFT_STANDARD_LIBRARIES = YES;
				BUNDLE_LOADER = "$(TEST_HOST)";
				CODE_SIGN_STYLE = Automatic;
				CURRENT_PROJECT_VERSION = 1;
				GENERATE_INFOPLIST_FILE = YES;
				IPHONEOS_DEPLOYMENT_TARGET = 16.1;
				MARKETING_VERSION = 1.0;
				PRODUCT_BUNDLE_IDENTIFIER = "taloases.intro-appTests";
				PRODUCT_NAME = "$(TARGET_NAME)";
				SWIFT_EMIT_LOC_STRINGS = NO;
				SWIFT_VERSION = 5.0;
				TARGETED_DEVICE_FAMILY = "1,2";
				TEST_HOST = "$(BUILT_PRODUCTS_DIR)/intro-app.app/$(BUNDLE_EXECUTABLE_FOLDER_PATH)/intro-app";
			};
			name = Debug;
		};
		523928F229A7825C00AF1E77 /* Release */ = {
			isa = XCBuildConfiguration;
			buildSettings = {
				ALWAYS_EMBED_SWIFT_STANDARD_LIBRARIES = YES;
				BUNDLE_LOADER = "$(TEST_HOST)";
				CODE_SIGN_STYLE = Automatic;
				CURRENT_PROJECT_VERSION = 1;
				GENERATE_INFOPLIST_FILE = YES;
				IPHONEOS_DEPLOYMENT_TARGET = 16.1;
				MARKETING_VERSION = 1.0;
				PRODUCT_BUNDLE_IDENTIFIER = "taloases.intro-appTests";
				PRODUCT_NAME = "$(TARGET_NAME)";
				SWIFT_EMIT_LOC_STRINGS = NO;
				SWIFT_VERSION = 5.0;
				TARGETED_DEVICE_FAMILY = "1,2";
				TEST_HOST = "$(BUILT_PRODUCTS_DIR)/intro-app.app/$(BUNDLE_EXECUTABLE_FOLDER_PATH)/intro-app";
			};
			name = Release;
		};
		523928F429A7825C00AF1E77 /* Debug */ = {
			isa = XCBuildConfiguration;
			buildSettings = {
				ALWAYS_EMBED_SWIFT_STANDARD_LIBRARIES = YES;
				CODE_SIGN_STYLE = Automatic;
				CURRENT_PROJECT_VERSION = 1;
				GENERATE_INFOPLIST_FILE = YES;
				MARKETING_VERSION = 1.0;
				PRODUCT_BUNDLE_IDENTIFIER = "taloases.intro-appUITests";
				PRODUCT_NAME = "$(TARGET_NAME)";
				SWIFT_EMIT_LOC_STRINGS = NO;
				SWIFT_VERSION = 5.0;
				TARGETED_DEVICE_FAMILY = "1,2";
				TEST_TARGET_NAME = "intro-app";
			};
			name = Debug;
		};
		523928F529A7825C00AF1E77 /* Release */ = {
			isa = XCBuildConfiguration;
			buildSettings = {
				ALWAYS_EMBED_SWIFT_STANDARD_LIBRARIES = YES;
				CODE_SIGN_STYLE = Automatic;
				CURRENT_PROJECT_VERSION = 1;
				GENERATE_INFOPLIST_FILE = YES;
				MARKETING_VERSION = 1.0;
				PRODUCT_BUNDLE_IDENTIFIER = "taloases.intro-appUITests";
				PRODUCT_NAME = "$(TARGET_NAME)";
				SWIFT_EMIT_LOC_STRINGS = NO;
				SWIFT_VERSION = 5.0;
				TARGETED_DEVICE_FAMILY = "1,2";
				TEST_TARGET_NAME = "intro-app";
			};
			name = Release;
		};
/* End XCBuildConfiguration section */

/* Begin XCConfigurationList section */
		523928C429A7825A00AF1E77 /* Build configuration list for PBXProject "intro-app" */ = {
			isa = XCConfigurationList;
			buildConfigurations = (
				523928EB29A7825C00AF1E77 /* Debug */,
				523928EC29A7825C00AF1E77 /* Release */,
			);
			defaultConfigurationIsVisible = 0;
			defaultConfigurationName = Release;
		};
		523928ED29A7825C00AF1E77 /* Build configuration list for PBXNativeTarget "intro-app" */ = {
			isa = XCConfigurationList;
			buildConfigurations = (
				523928EE29A7825C00AF1E77 /* Debug */,
				523928EF29A7825C00AF1E77 /* Release */,
			);
			defaultConfigurationIsVisible = 0;
			defaultConfigurationName = Release;
		};
		523928F029A7825C00AF1E77 /* Build configuration list for PBXNativeTarget "intro-appTests" */ = {
			isa = XCConfigurationList;
			buildConfigurations = (
				523928F129A7825C00AF1E77 /* Debug */,
				523928F229A7825C00AF1E77 /* Release */,
			);
			defaultConfigurationIsVisible = 0;
			defaultConfigurationName = Release;
		};
		523928F329A7825C00AF1E77 /* Build configuration list for PBXNativeTarget "intro-appUITests" */ = {
			isa = XCConfigurationList;
			buildConfigurations = (
				523928F429A7825C00AF1E77 /* Debug */,
				523928F529A7825C00AF1E77 /* Release */,
			);
			defaultConfigurationIsVisible = 0;
			defaultConfigurationName = Release;
		};
/* End XCConfigurationList section */
	};
	rootObject = 523928C129A7825A00AF1E77 /* Project object */;
}
